{
  "originHash" : "9262a3a92ca73d0fd1cb2e4835ca7623b87ffb47442471c6b696804335f753f4",
  "pins" : [
    {
      "identity" : "alamofire",
      "kind" : "remoteSourceControl",
      "location" : "https://github.com/Alamofire/Alamofire.git",
      "state" : {
        "revision" : "f455c2975872ccd2d9c81594c658af65716e9b9a",
        "version" : "5.9.1"
      }
    },
    {
      "identity" : "linkpreview",
      "kind" : "remoteSourceControl",
      "location" : "https://github.com/NuPlay/LinkPreview.git",
      "state" : {
        "revision" : "14ed9e55ee4ce651de85ce3a86daceba10214fea",
        "version" : "1.1.0"
      }
    },
    {
      "identity" : "richtextkit",
      "kind" : "remoteSourceControl",
      "location" : "https://github.com/danielsaidi/RichTextKit.git",
      "state" : {
        "revision" : "f0ecceb71ff3cb12a3143eed13b8b62fea7c34e5",
        "version" : "1.0.0"
      }
    },
    {
      "identity" : "swiftsoup",
      "kind" : "remoteSourceControl",
      "location" : "https://github.com/scinfu/SwiftSoup",
      "state" : {
        "revision" : "3c2c7e1e72b8abd96eafbae80323c5c1e5317437",
        "version" : "2.7.5"
      }
    }
  ],
  "version" : 3
}
